
Microsoft Visual Studio Solution File, Format Version 12.00
# Visual Studio 15
VisualStudioVersion = 15.0.27703.2042
MinimumVisualStudioVersion = 10.0.40219.1
Project("{FAE04EC0-301F-11D3-BF4B-00C04F79EFBC}") = "CityInfo.API", "CityInfo.API\CityInfo.API.csproj", "{86C81338-0DE1-42E6-A789-1AF2446B0F11}"
EndProject
Global
	GlobalSection(SolutionConfigurationPlatforms) = preSolution
		Debug|Any CPU = Debug|Any CPU
		Release|Any CPU = Release|Any CPU
	EndGlobalSection
	GlobalSection(ProjectConfigurationPlatforms) = postSolution
		{86C81338-0DE1-42E6-A789-1AF2446B0F11}.Debug|Any CPU.ActiveCfg = Debug|Any CPU
		{86C81338-0DE1-42E6-A789-1AF2446B0F11}.Debug|Any CPU.Build.0 = Debug|Any CPU
		{86C81338-0DE1-42E6-A789-1AF2446B0F11}.Release|Any CPU.ActiveCfg = Release|Any CPU
		{86C81338-0DE1-42E6-A789-1AF2446B0F11}.Release|Any CPU.Build.0 = Release|Any CPU
	EndGlobalSection
	GlobalSection(SolutionProperties) = preSolution
		HideSolutionNode = FALSE
	EndGlobalSection
	GlobalSection(ExtensibilityGlobals) = postSolution
		SolutionGuid = {76A34BEF-02E3-4833-88D4-26AF917A9E1E}
	EndGlobalSection
EndGlobal
